
Microsoft Visual Studio Solution File, Format Version 12.00
# Visual Studio Version 17
VisualStudioVersion = 17.13.35931.197 d17.13
MinimumVisualStudioVersion = 10.0.40219.1
Project("{FAE04EC0-301F-11D3-BF4B-00C04F79EFBC}") = "PR-17", "PR-17\PR-17.csproj", "{0B6EBA1B-EBE0-414D-B1BC-86ADC658BA70}"
EndProject
Project("{FAE04EC0-301F-11D3-BF4B-00C04F79EFBC}") = "Task1", "Task1\Task1.csproj", "{663C9645-6415-4FBC-BB2B-5FCE1ACBC4B6}"
EndProject
Project("{FAE04EC0-301F-11D3-BF4B-00C04F79EFBC}") = "Task2", "Task2\Task2.csproj", "{CF7AB182-D3B0-4E25-8EA0-BF1A84AC1A3D}"
EndProject
Project("{FAE04EC0-301F-11D3-BF4B-00C04F79EFBC}") = "Task3", "Task3\Task3.csproj", "{00059E02-00F7-4399-8A86-477E476A7762}"
EndProject
Project("{FAE04EC0-301F-11D3-BF4B-00C04F79EFBC}") = "Task4", "Task4\Task4.csproj", "{F46FACB9-4261-4D7E-BC28-225EC63DF2FB}"
EndProject
Project("{FAE04EC0-301F-11D3-BF4B-00C04F79EFBC}") = "Task5", "Task5\Task5.csproj", "{2A3FA20C-CB43-4B6C-875E-7F1E91D3DB25}"
EndProject
Global
	GlobalSection(SolutionConfigurationPlatforms) = preSolution
		Debug|Any CPU = Debug|Any CPU
		Release|Any CPU = Release|Any CPU
	EndGlobalSection
	GlobalSection(ProjectConfigurationPlatforms) = postSolution
		{0B6EBA1B-EBE0-414D-B1BC-86ADC658BA70}.Debug|Any CPU.ActiveCfg = Debug|Any CPU
		{0B6EBA1B-EBE0-414D-B1BC-86ADC658BA70}.Debug|Any CPU.Build.0 = Debug|Any CPU
		{0B6EBA1B-EBE0-414D-B1BC-86ADC658BA70}.Release|Any CPU.ActiveCfg = Release|Any CPU
		{0B6EBA1B-EBE0-414D-B1BC-86ADC658BA70}.Release|Any CPU.Build.0 = Release|Any CPU
		{663C9645-6415-4FBC-BB2B-5FCE1ACBC4B6}.Debug|Any CPU.ActiveCfg = Debug|Any CPU
		{663C9645-6415-4FBC-BB2B-5FCE1ACBC4B6}.Debug|Any CPU.Build.0 = Debug|Any CPU
		{663C9645-6415-4FBC-BB2B-5FCE1ACBC4B6}.Release|Any CPU.ActiveCfg = Release|Any CPU
		{663C9645-6415-4FBC-BB2B-5FCE1ACBC4B6}.Release|Any CPU.Build.0 = Release|Any CPU
		{CF7AB182-D3B0-4E25-8EA0-BF1A84AC1A3D}.Debug|Any CPU.ActiveCfg = Debug|Any CPU
		{CF7AB182-D3B0-4E25-8EA0-BF1A84AC1A3D}.Debug|Any CPU.Build.0 = Debug|Any CPU
		{CF7AB182-D3B0-4E25-8EA0-BF1A84AC1A3D}.Release|Any CPU.ActiveCfg = Release|Any CPU
		{CF7AB182-D3B0-4E25-8EA0-BF1A84AC1A3D}.Release|Any CPU.Build.0 = Release|Any CPU
		{00059E02-00F7-4399-8A86-477E476A7762}.Debug|Any CPU.ActiveCfg = Debug|Any CPU
		{00059E02-00F7-4399-8A86-477E476A7762}.Debug|Any CPU.Build.0 = Debug|Any CPU
		{00059E02-00F7-4399-8A86-477E476A7762}.Release|Any CPU.ActiveCfg = Release|Any CPU
		{00059E02-00F7-4399-8A86-477E476A7762}.Release|Any CPU.Build.0 = Release|Any CPU
		{F46FACB9-4261-4D7E-BC28-225EC63DF2FB}.Debug|Any CPU.ActiveCfg = Debug|Any CPU
		{F46FACB9-4261-4D7E-BC28-225EC63DF2FB}.Debug|Any CPU.Build.0 = Debug|Any CPU
		{F46FACB9-4261-4D7E-BC28-225EC63DF2FB}.Release|Any CPU.ActiveCfg = Release|Any CPU
		{F46FACB9-4261-4D7E-BC28-225EC63DF2FB}.Release|Any CPU.Build.0 = Release|Any CPU
		{2A3FA20C-CB43-4B6C-875E-7F1E91D3DB25}.Debug|Any CPU.ActiveCfg = Debug|Any CPU
		{2A3FA20C-CB43-4B6C-875E-7F1E91D3DB25}.Debug|Any CPU.Build.0 = Debug|Any CPU
		{2A3FA20C-CB43-4B6C-875E-7F1E91D3DB25}.Release|Any CPU.ActiveCfg = Release|Any CPU
		{2A3FA20C-CB43-4B6C-875E-7F1E91D3DB25}.Release|Any CPU.Build.0 = Release|Any CPU
	EndGlobalSection
	GlobalSection(SolutionProperties) = preSolution
		HideSolutionNode = FALSE
	EndGlobalSection
	GlobalSection(ExtensibilityGlobals) = postSolution
		SolutionGuid = {02BA7144-CACB-4E18-A2BF-7BE069E4D866}
	EndGlobalSection
EndGlobal
