
Microsoft Visual Studio Solution File, Format Version 12.00
# Visual Studio Version 17
VisualStudioVersion = 17.13.35931.197 d17.13
MinimumVisualStudioVersion = 10.0.40219.1
Project("{FAE04EC0-301F-11D3-BF4B-00C04F79EFBC}") = "PR-18", "PR-18\PR-18.csproj", "{53A5788B-68DA-4FD0-A30E-379F54BBE1CB}"
EndProject
Global
	GlobalSection(SolutionConfigurationPlatforms) = preSolution
		Debug|Any CPU = Debug|Any CPU
		Release|Any CPU = Release|Any CPU
	EndGlobalSection
	GlobalSection(ProjectConfigurationPlatforms) = postSolution
		{53A5788B-68DA-4FD0-A30E-379F54BBE1CB}.Debug|Any CPU.ActiveCfg = Debug|Any CPU
		{53A5788B-68DA-4FD0-A30E-379F54BBE1CB}.Debug|Any CPU.Build.0 = Debug|Any CPU
		{53A5788B-68DA-4FD0-A30E-379F54BBE1CB}.Release|Any CPU.ActiveCfg = Release|Any CPU
		{53A5788B-68DA-4FD0-A30E-379F54BBE1CB}.Release|Any CPU.Build.0 = Release|Any CPU
	EndGlobalSection
	GlobalSection(SolutionProperties) = preSolution
		HideSolutionNode = FALSE
	EndGlobalSection
	GlobalSection(ExtensibilityGlobals) = postSolution
		SolutionGuid = {1591E697-32AC-4BF1-BD28-E0CFDC397C8C}
	EndGlobalSection
EndGlobal
