
Microsoft Visual Studio Solution File, Format Version 12.00
# Visual Studio Version 17
VisualStudioVersion = 17.13.35931.197 d17.13
MinimumVisualStudioVersion = 10.0.40219.1
Project("{FAE04EC0-301F-11D3-BF4B-00C04F79EFBC}") = "PR-25", "PR-25\PR-25.csproj", "{1A4423B1-9318-4AF9-BA40-AF1DD37393CC}"
EndProject
Global
	GlobalSection(SolutionConfigurationPlatforms) = preSolution
		Debug|Any CPU = Debug|Any CPU
		Release|Any CPU = Release|Any CPU
	EndGlobalSection
	GlobalSection(ProjectConfigurationPlatforms) = postSolution
		{1A4423B1-9318-4AF9-BA40-AF1DD37393CC}.Debug|Any CPU.ActiveCfg = Debug|Any CPU
		{1A4423B1-9318-4AF9-BA40-AF1DD37393CC}.Debug|Any CPU.Build.0 = Debug|Any CPU
		{1A4423B1-9318-4AF9-BA40-AF1DD37393CC}.Release|Any CPU.ActiveCfg = Release|Any CPU
		{1A4423B1-9318-4AF9-BA40-AF1DD37393CC}.Release|Any CPU.Build.0 = Release|Any CPU
	EndGlobalSection
	GlobalSection(SolutionProperties) = preSolution
		HideSolutionNode = FALSE
	EndGlobalSection
	GlobalSection(ExtensibilityGlobals) = postSolution
		SolutionGuid = {21F61355-C93F-42E2-ADD7-115359F0E18E}
	EndGlobalSection
EndGlobal
